{
  "originHash" : "ac049ddc6b0d225049de12badcd0b174d9d03247401afff49c41c3260046654c",
  "pins" : [
    {
      "identity" : "anywhereip",
      "kind" : "remoteSourceControl",
      "location" : "https://github.com/NodePassProject/AnywhereIP.git",
      "state" : {
        "revision" : "bd4f18494055e350e7b52476e9c64d17bf15099e",
        "version" : "3.1.0"
      }
    },
    {
      "identity" : "anywhererules",
      "kind" : "remoteSourceControl",
      "location" : "https://github.com/hiDandelion/AnywhereRules.git",
      "state" : {
        "revision" : "199b4515cbb316e403656f059284321f432a34e2",
        "version" : "1.1.1"
      }
    }
  ],
  "version" : 3
}
