{
  "originHash" : "617587971d56399b12128348fe6ce8e69baced11513cee50a98c3cbb4e677d62",
  "pins" : [
    {
      "identity" : "anywhereip",
      "kind" : "remoteSourceControl",
      "location" : "https://github.com/hiDandelion/AnywhereIP.git",
      "state" : {
        "revision" : "edd26dc68cef6bc84ba40908d2d36ca5c0c638a5",
        "version" : "1.0.0"
      }
    },
    {
      "identity" : "anywhererules",
      "kind" : "remoteSourceControl",
      "location" : "https://github.com/hiDandelion/AnywhereRules.git",
      "state" : {
        "revision" : "4f1b27c1954818cc866985a0f4d4685931a00c89",
        "version" : "1.1.0"
      }
    }
  ],
  "version" : 3
}
